
Microsoft Visual Studio Solution File, Format Version 12.00
# Visual Studio Version 16
VisualStudioVersion = 16.0.31019.35
MinimumVisualStudioVersion = 10.0.40219.1
Project("{FAE04EC0-301F-11D3-BF4B-00C04F79EFBC}") = "OOP", "OOP\OOP.csproj", "{8AFDDAC3-0F8B-45B7-AD42-66FDE8B788AF}"
EndProject
Global
	GlobalSection(SolutionConfigurationPlatforms) = preSolution
		Debug|Any CPU = Debug|Any CPU
		Release|Any CPU = Release|Any CPU
	EndGlobalSection
	GlobalSection(ProjectConfigurationPlatforms) = postSolution
		{8AFDDAC3-0F8B-45B7-AD42-66FDE8B788AF}.Debug|Any CPU.ActiveCfg = Debug|Any CPU
		{8AFDDAC3-0F8B-45B7-AD42-66FDE8B788AF}.Debug|Any CPU.Build.0 = Debug|Any CPU
		{8AFDDAC3-0F8B-45B7-AD42-66FDE8B788AF}.Release|Any CPU.ActiveCfg = Release|Any CPU
		{8AFDDAC3-0F8B-45B7-AD42-66FDE8B788AF}.Release|Any CPU.Build.0 = Release|Any CPU
	EndGlobalSection
	GlobalSection(SolutionProperties) = preSolution
		HideSolutionNode = FALSE
	EndGlobalSection
	GlobalSection(ExtensibilityGlobals) = postSolution
		SolutionGuid = {2C249620-1526-44AD-B36D-5ED79EC7B4EF}
	EndGlobalSection
EndGlobal
